
Microsoft Visual Studio Solution File, Format Version 12.00
# Visual Studio Version 17
VisualStudioVersion = 17.1.32407.343
MinimumVisualStudioVersion = 10.0.40219.1
Project("{FAE04EC0-301F-11D3-BF4B-00C04F79EFBC}") = "examenIIP.Android", "examenIIP.Android\examenIIP.Android.csproj", "{FA16110E-4A37-411F-9839-11051DAB99A5}"
EndProject
Project("{FAE04EC0-301F-11D3-BF4B-00C04F79EFBC}") = "examenIIP", "examenIIP\examenIIP.csproj", "{F6EC29BC-11B6-45E8-9807-EBA8F7410706}"
EndProject
Global
	GlobalSection(SolutionConfigurationPlatforms) = preSolution
		Debug|Any CPU = Debug|Any CPU
		Release|Any CPU = Release|Any CPU
	EndGlobalSection
	GlobalSection(ProjectConfigurationPlatforms) = postSolution
		{FA16110E-4A37-411F-9839-11051DAB99A5}.Debug|Any CPU.ActiveCfg = Debug|Any CPU
		{FA16110E-4A37-411F-9839-11051DAB99A5}.Debug|Any CPU.Build.0 = Debug|Any CPU
		{FA16110E-4A37-411F-9839-11051DAB99A5}.Debug|Any CPU.Deploy.0 = Debug|Any CPU
		{FA16110E-4A37-411F-9839-11051DAB99A5}.Release|Any CPU.ActiveCfg = Release|Any CPU
		{FA16110E-4A37-411F-9839-11051DAB99A5}.Release|Any CPU.Build.0 = Release|Any CPU
		{FA16110E-4A37-411F-9839-11051DAB99A5}.Release|Any CPU.Deploy.0 = Release|Any CPU
		{F6EC29BC-11B6-45E8-9807-EBA8F7410706}.Debug|Any CPU.ActiveCfg = Debug|Any CPU
		{F6EC29BC-11B6-45E8-9807-EBA8F7410706}.Debug|Any CPU.Build.0 = Debug|Any CPU
		{F6EC29BC-11B6-45E8-9807-EBA8F7410706}.Debug|Any CPU.Deploy.0 = Debug|Any CPU
		{F6EC29BC-11B6-45E8-9807-EBA8F7410706}.Release|Any CPU.ActiveCfg = Release|Any CPU
		{F6EC29BC-11B6-45E8-9807-EBA8F7410706}.Release|Any CPU.Build.0 = Release|Any CPU
		{F6EC29BC-11B6-45E8-9807-EBA8F7410706}.Release|Any CPU.Deploy.0 = Release|Any CPU
	EndGlobalSection
	GlobalSection(SolutionProperties) = preSolution
		HideSolutionNode = FALSE
	EndGlobalSection
	GlobalSection(ExtensibilityGlobals) = postSolution
		SolutionGuid = {124E046D-A0CA-4008-A5DF-73D69DE51052}
	EndGlobalSection
EndGlobal
